// !$*UTF8*$!
{
	archiveVersion = 1;
	classes = {
	};
	objectVersion = 56;
	objects = {

/* Begin PBXBuildFile section */
		51D03F7229BC344500D4D2BD /* ProductsViewModel.swift in Sources */ = {isa = PBXBuildFile; fileRef = 51D03F7129BC344500D4D2BD /* ProductsViewModel.swift */; };
		51D03F7529BC356F00D4D2BD /* Product.swift in Sources */ = {isa = PBXBuildFile; fileRef = 51D03F7429BC356F00D4D2BD /* Product.swift */; };
		51D03F7729BC357D00D4D2BD /* UserProfile.swift in Sources */ = {isa = PBXBuildFile; fileRef = 51D03F7629BC357D00D4D2BD /* UserProfile.swift */; };
		51D03F7A29BC35B000D4D2BD /* ProductCell.swift in Sources */ = {isa = PBXBuildFile; fileRef = 51D03F7829BC35B000D4D2BD /* ProductCell.swift */; };
		51D03F7B29BC35B000D4D2BD /* ProductCell.xib in Resources */ = {isa = PBXBuildFile; fileRef = 51D03F7929BC35B000D4D2BD /* ProductCell.xib */; };
		51D03F7D29BC361800D4D2BD /* TabBarVC.swift in Sources */ = {isa = PBXBuildFile; fileRef = 51D03F7C29BC361800D4D2BD /* TabBarVC.swift */; };
		51D03F8029BC397A00D4D2BD /* ProfileCell.swift in Sources */ = {isa = PBXBuildFile; fileRef = 51D03F7E29BC397A00D4D2BD /* ProfileCell.swift */; };
		51D03F8129BC397A00D4D2BD /* ProfileCell.xib in Resources */ = {isa = PBXBuildFile; fileRef = 51D03F7F29BC397A00D4D2BD /* ProfileCell.xib */; };
		51D03F8329BC6D2E00D4D2BD /* ProfileViewModel.swift in Sources */ = {isa = PBXBuildFile; fileRef = 51D03F8229BC6D2E00D4D2BD /* ProfileViewModel.swift */; };
		51E7E2C429BB4EBF00CFD86B /* AppDelegate.swift in Sources */ = {isa = PBXBuildFile; fileRef = 51E7E2C329BB4EBF00CFD86B /* AppDelegate.swift */; };
		51E7E2C629BB4EBF00CFD86B /* SceneDelegate.swift in Sources */ = {isa = PBXBuildFile; fileRef = 51E7E2C529BB4EBF00CFD86B /* SceneDelegate.swift */; };
		51E7E2CB29BB4EBF00CFD86B /* Main.storyboard in Resources */ = {isa = PBXBuildFile; fileRef = 51E7E2C929BB4EBF00CFD86B /* Main.storyboard */; };
		51E7E2CD29BB4EC000CFD86B /* Assets.xcassets in Resources */ = {isa = PBXBuildFile; fileRef = 51E7E2CC29BB4EC000CFD86B /* Assets.xcassets */; };
		51E7E2D029BB4EC000CFD86B /* LaunchScreen.storyboard in Resources */ = {isa = PBXBuildFile; fileRef = 51E7E2CE29BB4EC000CFD86B /* LaunchScreen.storyboard */; };
		51E7E2D829BB701A00CFD86B /* ProfileVC.swift in Sources */ = {isa = PBXBuildFile; fileRef = 51E7E2D729BB701A00CFD86B /* ProfileVC.swift */; };
		51E7E2DA29BB703100CFD86B /* ProductsVC.swift in Sources */ = {isa = PBXBuildFile; fileRef = 51E7E2D929BB703100CFD86B /* ProductsVC.swift */; };
/* End PBXBuildFile section */

/* Begin PBXFileReference section */
		51D03F7129BC344500D4D2BD /* ProductsViewModel.swift */ = {isa = PBXFileReference; lastKnownFileType = sourcecode.swift; path = ProductsViewModel.swift; sourceTree = "<group>"; };
		51D03F7429BC356F00D4D2BD /* Product.swift */ = {isa = PBXFileReference; lastKnownFileType = sourcecode.swift; path = Product.swift; sourceTree = "<group>"; };
		51D03F7629BC357D00D4D2BD /* UserProfile.swift */ = {isa = PBXFileReference; lastKnownFileType = sourcecode.swift; path = UserProfile.swift; sourceTree = "<group>"; };
		51D03F7829BC35B000D4D2BD /* ProductCell.swift */ = {isa = PBXFileReference; lastKnownFileType = sourcecode.swift; path = ProductCell.swift; sourceTree = "<group>"; };
		51D03F7929BC35B000D4D2BD /* ProductCell.xib */ = {isa = PBXFileReference; lastKnownFileType = file.xib; path = ProductCell.xib; sourceTree = "<group>"; };
		51D03F7C29BC361800D4D2BD /* TabBarVC.swift */ = {isa = PBXFileReference; lastKnownFileType = sourcecode.swift; name = TabBarVC.swift; path = assignment/TabBarVC.swift; sourceTree = SOURCE_ROOT; };
		51D03F7E29BC397A00D4D2BD /* ProfileCell.swift */ = {isa = PBXFileReference; lastKnownFileType = sourcecode.swift; path = ProfileCell.swift; sourceTree = "<group>"; };
		51D03F7F29BC397A00D4D2BD /* ProfileCell.xib */ = {isa = PBXFileReference; lastKnownFileType = file.xib; path = ProfileCell.xib; sourceTree = "<group>"; };
		51D03F8229BC6D2E00D4D2BD /* ProfileViewModel.swift */ = {isa = PBXFileReference; lastKnownFileType = sourcecode.swift; path = ProfileViewModel.swift; sourceTree = "<group>"; };
		51E7E2C029BB4EBF00CFD86B /* assignment.app */ = {isa = PBXFileReference; explicitFileType = wrapper.application; includeInIndex = 0; path = assignment.app; sourceTree = BUILT_PRODUCTS_DIR; };
		51E7E2C329BB4EBF00CFD86B /* AppDelegate.swift */ = {isa = PBXFileReference; lastKnownFileType = sourcecode.swift; path = AppDelegate.swift; sourceTree = "<group>"; };
		51E7E2C529BB4EBF00CFD86B /* SceneDelegate.swift */ = {isa = PBXFileReference; lastKnownFileType = sourcecode.swift; path = SceneDelegate.swift; sourceTree = "<group>"; };
		51E7E2CA29BB4EBF00CFD86B /* Base */ = {isa = PBXFileReference; lastKnownFileType = file.storyboard; name = Base; path = Base.lproj/Main.storyboard; sourceTree = "<group>"; };
		51E7E2CC29BB4EC000CFD86B /* Assets.xcassets */ = {isa = PBXFileReference; lastKnownFileType = folder.assetcatalog; path = Assets.xcassets; sourceTree = "<group>"; };
		51E7E2CF29BB4EC000CFD86B /* Base */ = {isa = PBXFileReference; lastKnownFileType = file.storyboard; name = Base; path = Base.lproj/LaunchScreen.storyboard; sourceTree = "<group>"; };
		51E7E2D129BB4EC000CFD86B /* Info.plist */ = {isa = PBXFileReference; lastKnownFileType = text.plist.xml; path = Info.plist; sourceTree = "<group>"; };
		51E7E2D729BB701A00CFD86B /* ProfileVC.swift */ = {isa = PBXFileReference; lastKnownFileType = sourcecode.swift; path = ProfileVC.swift; sourceTree = "<group>"; };
		51E7E2D929BB703100CFD86B /* ProductsVC.swift */ = {isa = PBXFileReference; lastKnownFileType = sourcecode.swift; path = ProductsVC.swift; sourceTree = "<group>"; };
/* End PBXFileReference section */

/* Begin PBXFrameworksBuildPhase section */
		51E7E2BD29BB4EBF00CFD86B /* Frameworks */ = {
			isa = PBXFrameworksBuildPhase;
			buildActionMask = 2147483647;
			files = (
			);
			runOnlyForDeploymentPostprocessing = 0;
		};
/* End PBXFrameworksBuildPhase section */

/* Begin PBXGroup section */
		51D03F6E29BC340E00D4D2BD /* ViewControllers */ = {
			isa = PBXGroup;
			children = (
				51E7E2D929BB703100CFD86B /* ProductsVC.swift */,
				51E7E2D729BB701A00CFD86B /* ProfileVC.swift */,
			);
			path = ViewControllers;
			sourceTree = "<group>";
		};
		51D03F6F29BC341A00D4D2BD /* View */ = {
			isa = PBXGroup;
			children = (
				51D03F7829BC35B000D4D2BD /* ProductCell.swift */,
				51D03F7929BC35B000D4D2BD /* ProductCell.xib */,
				51D03F7E29BC397A00D4D2BD /* ProfileCell.swift */,
				51D03F7F29BC397A00D4D2BD /* ProfileCell.xib */,
			);
			path = View;
			sourceTree = "<group>";
		};
		51D03F7029BC342100D4D2BD /* ViewModel */ = {
			isa = PBXGroup;
			children = (
				51D03F7129BC344500D4D2BD /* ProductsViewModel.swift */,
				51D03F8229BC6D2E00D4D2BD /* ProfileViewModel.swift */,
			);
			name = ViewModel;
			sourceTree = "<group>";
		};
		51D03F7329BC353800D4D2BD /* Model */ = {
			isa = PBXGroup;
			children = (
				51D03F7429BC356F00D4D2BD /* Product.swift */,
				51D03F7629BC357D00D4D2BD /* UserProfile.swift */,
			);
			name = Model;
			sourceTree = "<group>";
		};
		51E7E2B729BB4EBF00CFD86B = {
			isa = PBXGroup;
			children = (
				51E7E2C229BB4EBF00CFD86B /* assignment */,
				51E7E2C129BB4EBF00CFD86B /* Products */,
			);
			sourceTree = "<group>";
		};
		51E7E2C129BB4EBF00CFD86B /* Products */ = {
			isa = PBXGroup;
			children = (
				51E7E2C029BB4EBF00CFD86B /* assignment.app */,
			);
			name = Products;
			sourceTree = "<group>";
		};
		51E7E2C229BB4EBF00CFD86B /* assignment */ = {
			isa = PBXGroup;
			children = (
				51D03F7029BC342100D4D2BD /* ViewModel */,
				51D03F7329BC353800D4D2BD /* Model */,
				51D03F6F29BC341A00D4D2BD /* View */,
				51D03F6E29BC340E00D4D2BD /* ViewControllers */,
				51E7E2C329BB4EBF00CFD86B /* AppDelegate.swift */,
				51E7E2C529BB4EBF00CFD86B /* SceneDelegate.swift */,
				51D03F7C29BC361800D4D2BD /* TabBarVC.swift */,
				51E7E2C929BB4EBF00CFD86B /* Main.storyboard */,
				51E7E2CC29BB4EC000CFD86B /* Assets.xcassets */,
				51E7E2CE29BB4EC000CFD86B /* LaunchScreen.storyboard */,
				51E7E2D129BB4EC000CFD86B /* Info.plist */,
			);
			path = assignment;
			sourceTree = "<group>";
		};
/* End PBXGroup section */

/* Begin PBXNativeTarget section */
		51E7E2BF29BB4EBF00CFD86B /* assignment */ = {
			isa = PBXNativeTarget;
			buildConfigurationList = 51E7E2D429BB4EC000CFD86B /* Build configuration list for PBXNativeTarget "assignment" */;
			buildPhases = (
				51E7E2BC29BB4EBF00CFD86B /* Sources */,
				51E7E2BD29BB4EBF00CFD86B /* Frameworks */,
				51E7E2BE29BB4EBF00CFD86B /* Resources */,
			);
			buildRules = (
			);
			dependencies = (
			);
			name = assignment;
			productName = assignment;
			productReference = 51E7E2C029BB4EBF00CFD86B /* assignment.app */;
			productType = "com.apple.product-type.application";
		};
/* End PBXNativeTarget section */

/* Begin PBXProject section */
		51E7E2B829BB4EBF00CFD86B /* Project object */ = {
			isa = PBXProject;
			attributes = {
				BuildIndependentTargetsInParallel = 1;
				LastSwiftUpdateCheck = 1420;
				LastUpgradeCheck = 1420;
				TargetAttributes = {
					51E7E2BF29BB4EBF00CFD86B = {
						CreatedOnToolsVersion = 14.2;
					};
				};
			};
			buildConfigurationList = 51E7E2BB29BB4EBF00CFD86B /* Build configuration list for PBXProject "assignment" */;
			compatibilityVersion = "Xcode 14.0";
			developmentRegion = en;
			hasScannedForEncodings = 0;
			knownRegions = (
				en,
				Base,
			);
			mainGroup = 51E7E2B729BB4EBF00CFD86B;
			productRefGroup = 51E7E2C129BB4EBF00CFD86B /* Products */;
			projectDirPath = "";
			projectRoot = "";
			targets = (
				51E7E2BF29BB4EBF00CFD86B /* assignment */,
			);
		};
/* End PBXProject section */

/* Begin PBXResourcesBuildPhase section */
		51E7E2BE29BB4EBF00CFD86B /* Resources */ = {
			isa = PBXResourcesBuildPhase;
			buildActionMask = 2147483647;
			files = (
				51E7E2D029BB4EC000CFD86B /* LaunchScreen.storyboard in Resources */,
				51D03F7B29BC35B000D4D2BD /* ProductCell.xib in Resources */,
				51E7E2CD29BB4EC000CFD86B /* Assets.xcassets in Resources */,
				51E7E2CB29BB4EBF00CFD86B /* Main.storyboard in Resources */,
				51D03F8129BC397A00D4D2BD /* ProfileCell.xib in Resources */,
			);
			runOnlyForDeploymentPostprocessing = 0;
		};
/* End PBXResourcesBuildPhase section */

/* Begin PBXSourcesBuildPhase section */
		51E7E2BC29BB4EBF00CFD86B /* Sources */ = {
			isa = PBXSourcesBuildPhase;
			buildActionMask = 2147483647;
			files = (
				51D03F7229BC344500D4D2BD /* ProductsViewModel.swift in Sources */,
				51E7E2DA29BB703100CFD86B /* ProductsVC.swift in Sources */,
				51E7E2D829BB701A00CFD86B /* ProfileVC.swift in Sources */,
				51D03F7729BC357D00D4D2BD /* UserProfile.swift in Sources */,
				51D03F7D29BC361800D4D2BD /* TabBarVC.swift in Sources */,
				51E7E2C429BB4EBF00CFD86B /* AppDelegate.swift in Sources */,
				51D03F7A29BC35B000D4D2BD /* ProductCell.swift in Sources */,
				51D03F8329BC6D2E00D4D2BD /* ProfileViewModel.swift in Sources */,
				51E7E2C629BB4EBF00CFD86B /* SceneDelegate.swift in Sources */,
				51D03F7529BC356F00D4D2BD /* Product.swift in Sources */,
				51D03F8029BC397A00D4D2BD /* ProfileCell.swift in Sources */,
			);
			runOnlyForDeploymentPostprocessing = 0;
		};
/* End PBXSourcesBuildPhase section */

/* Begin PBXVariantGroup section */
		51E7E2C929BB4EBF00CFD86B /* Main.storyboard */ = {
			isa = PBXVariantGroup;
			children = (
				51E7E2CA29BB4EBF00CFD86B /* Base */,
			);
			name = Main.storyboard;
			sourceTree = "<group>";
		};
		51E7E2CE29BB4EC000CFD86B /* LaunchScreen.storyboard */ = {
			isa = PBXVariantGroup;
			children = (
				51E7E2CF29BB4EC000CFD86B /* Base */,
			);
			name = LaunchScreen.storyboard;
			sourceTree = "<group>";
		};
/* End PBXVariantGroup section */

/* Begin XCBuildConfiguration section */
		51E7E2D229BB4EC000CFD86B /* Debug */ = {
			isa = XCBuildConfiguration;
			buildSettings = {
				ALWAYS_SEARCH_USER_PATHS = NO;
				CLANG_ANALYZER_NONNULL = YES;
				CLANG_ANALYZER_NUMBER_OBJECT_CONVERSION = YES_AGGRESSIVE;
				CLANG_CXX_LANGUAGE_STANDARD = "gnu++20";
				CLANG_ENABLE_MODULES = YES;
				CLANG_ENABLE_OBJC_ARC = YES;
				CLANG_ENABLE_OBJC_WEAK = YES;
				CLANG_WARN_BLOCK_CAPTURE_AUTORELEASING = YES;
				CLANG_WARN_BOOL_CONVERSION = YES;
				CLANG_WARN_COMMA = YES;
				CLANG_WARN_CONSTANT_CONVERSION = YES;
				CLANG_WARN_DEPRECATED_OBJC_IMPLEMENTATIONS = YES;
				CLANG_WARN_DIRECT_OBJC_ISA_USAGE = YES_ERROR;
				CLANG_WARN_DOCUMENTATION_COMMENTS = YES;
				CLANG_WARN_EMPTY_BODY = YES;
				CLANG_WARN_ENUM_CONVERSION = YES;
				CLANG_WARN_INFINITE_RECURSION = YES;
				CLANG_WARN_INT_CONVERSION = YES;
				CLANG_WARN_NON_LITERAL_NULL_CONVERSION = YES;
				CLANG_WARN_OBJC_IMPLICIT_RETAIN_SELF = YES;
				CLANG_WARN_OBJC_LITERAL_CONVERSION = YES;
				CLANG_WARN_OBJC_ROOT_CLASS = YES_ERROR;
				CLANG_WARN_QUOTED_INCLUDE_IN_FRAMEWORK_HEADER = YES;
				CLANG_WARN_RANGE_LOOP_ANALYSIS = YES;
				CLANG_WARN_STRICT_PROTOTYPES = YES;
				CLANG_WARN_SUSPICIOUS_MOVE = YES;
				CLANG_WARN_UNGUARDED_AVAILABILITY = YES_AGGRESSIVE;
				CLANG_WARN_UNREACHABLE_CODE = YES;
				CLANG_WARN__DUPLICATE_METHOD_MATCH = YES;
				COPY_PHASE_STRIP = NO;
				DEBUG_INFORMATION_FORMAT = dwarf;
				ENABLE_STRICT_OBJC_MSGSEND = YES;
				ENABLE_TESTABILITY = YES;
				GCC_C_LANGUAGE_STANDARD = gnu11;
				GCC_DYNAMIC_NO_PIC = NO;
				GCC_NO_COMMON_BLOCKS = YES;
				GCC_OPTIMIZATION_LEVEL = 0;
				GCC_PREPROCESSOR_DEFINITIONS = (
					"DEBUG=1",
					"$(inherited)",
				);
				GCC_WARN_64_TO_32_BIT_CONVERSION = YES;
				GCC_WARN_ABOUT_RETURN_TYPE = YES_ERROR;
				GCC_WARN_UNDECLARED_SELECTOR = YES;
				GCC_WARN_UNINITIALIZED_AUTOS = YES_AGGRESSIVE;
				GCC_WARN_UNUSED_FUNCTION = YES;
				GCC_WARN_UNUSED_VARIABLE = YES;
				IPHONEOS_DEPLOYMENT_TARGET = 16.2;
				MTL_ENABLE_DEBUG_INFO = INCLUDE_SOURCE;
				MTL_FAST_MATH = YES;
				ONLY_ACTIVE_ARCH = YES;
				SDKROOT = iphoneos;
				SWIFT_ACTIVE_COMPILATION_CONDITIONS = DEBUG;
				SWIFT_OPTIMIZATION_LEVEL = "-Onone";
			};
			name = Debug;
		};
		51E7E2D329BB4EC000CFD86B /* Release */ = {
			isa = XCBuildConfiguration;
			buildSettings = {
				ALWAYS_SEARCH_USER_PATHS = NO;
				CLANG_ANALYZER_NONNULL = YES;
				CLANG_ANALYZER_NUMBER_OBJECT_CONVERSION = YES_AGGRESSIVE;
				CLANG_CXX_LANGUAGE_STANDARD = "gnu++20";
				CLANG_ENABLE_MODULES = YES;
				CLANG_ENABLE_OBJC_ARC = YES;
				CLANG_ENABLE_OBJC_WEAK = YES;
				CLANG_WARN_BLOCK_CAPTURE_AUTORELEASING = YES;
				CLANG_WARN_BOOL_CONVERSION = YES;
				CLANG_WARN_COMMA = YES;
				CLANG_WARN_CONSTANT_CONVERSION = YES;
				CLANG_WARN_DEPRECATED_OBJC_IMPLEMENTATIONS = YES;
				CLANG_WARN_DIRECT_OBJC_ISA_USAGE = YES_ERROR;
				CLANG_WARN_DOCUMENTATION_COMMENTS = YES;
				CLANG_WARN_EMPTY_BODY = YES;
				CLANG_WARN_ENUM_CONVERSION = YES;
				CLANG_WARN_INFINITE_RECURSION = YES;
				CLANG_WARN_INT_CONVERSION = YES;
				CLANG_WARN_NON_LITERAL_NULL_CONVERSION = YES;
				CLANG_WARN_OBJC_IMPLICIT_RETAIN_SELF = YES;
				CLANG_WARN_OBJC_LITERAL_CONVERSION = YES;
				CLANG_WARN_OBJC_ROOT_CLASS = YES_ERROR;
				CLANG_WARN_QUOTED_INCLUDE_IN_FRAMEWORK_HEADER = YES;
				CLANG_WARN_RANGE_LOOP_ANALYSIS = YES;
				CLANG_WARN_STRICT_PROTOTYPES = YES;
				CLANG_WARN_SUSPICIOUS_MOVE = YES;
				CLANG_WARN_UNGUARDED_AVAILABILITY = YES_AGGRESSIVE;
				CLANG_WARN_UNREACHABLE_CODE = YES;
				CLANG_WARN__DUPLICATE_METHOD_MATCH = YES;
				COPY_PHASE_STRIP = NO;
				DEBUG_INFORMATION_FORMAT = "dwarf-with-dsym";
				ENABLE_NS_ASSERTIONS = NO;
				ENABLE_STRICT_OBJC_MSGSEND = YES;
				GCC_C_LANGUAGE_STANDARD = gnu11;
				GCC_NO_COMMON_BLOCKS = YES;
				GCC_WARN_64_TO_32_BIT_CONVERSION = YES;
				GCC_WARN_ABOUT_RETURN_TYPE = YES_ERROR;
				GCC_WARN_UNDECLARED_SELECTOR = YES;
				GCC_WARN_UNINITIALIZED_AUTOS = YES_AGGRESSIVE;
				GCC_WARN_UNUSED_FUNCTION = YES;
				GCC_WARN_UNUSED_VARIABLE = YES;
				IPHONEOS_DEPLOYMENT_TARGET = 16.2;
				MTL_ENABLE_DEBUG_INFO = NO;
				MTL_FAST_MATH = YES;
				SDKROOT = iphoneos;
				SWIFT_COMPILATION_MODE = wholemodule;
				SWIFT_OPTIMIZATION_LEVEL = "-O";
				VALIDATE_PRODUCT = YES;
			};
			name = Release;
		};
		51E7E2D529BB4EC000CFD86B /* Debug */ = {
			isa = XCBuildConfiguration;
			buildSettings = {
				ASSETCATALOG_COMPILER_APPICON_NAME = AppIcon;
				ASSETCATALOG_COMPILER_GLOBAL_ACCENT_COLOR_NAME = AccentColor;
				CODE_SIGN_STYLE = Automatic;
				CURRENT_PROJECT_VERSION = 1;
				GENERATE_INFOPLIST_FILE = YES;
				INFOPLIST_FILE = assignment/Info.plist;
				INFOPLIST_KEY_UIApplicationSupportsIndirectInputEvents = YES;
				INFOPLIST_KEY_UILaunchStoryboardName = LaunchScreen;
				INFOPLIST_KEY_UIMainStoryboardFile = Main;
				INFOPLIST_KEY_UISupportedInterfaceOrientations_iPad = "UIInterfaceOrientationPortrait UIInterfaceOrientationPortraitUpsideDown UIInterfaceOrientationLandscapeLeft UIInterfaceOrientationLandscapeRight";
				INFOPLIST_KEY_UISupportedInterfaceOrientations_iPhone = "UIInterfaceOrientationPortrait UIInterfaceOrientationLandscapeLeft UIInterfaceOrientationLandscapeRight";
				LD_RUNPATH_SEARCH_PATHS = (
					"$(inherited)",
					"@executable_path/Frameworks",
				);
				MARKETING_VERSION = 1.0;
				PRODUCT_BUNDLE_IDENTIFIER = com.assignment;
				PRODUCT_NAME = "$(TARGET_NAME)";
				SWIFT_EMIT_LOC_STRINGS = YES;
				SWIFT_VERSION = 5.0;
				TARGETED_DEVICE_FAMILY = "1,2";
			};
			name = Debug;
		};
		51E7E2D629BB4EC000CFD86B /* Release */ = {
			isa = XCBuildConfiguration;
			buildSettings = {
				ASSETCATALOG_COMPILER_APPICON_NAME = AppIcon;
				ASSETCATALOG_COMPILER_GLOBAL_ACCENT_COLOR_NAME = AccentColor;
				CODE_SIGN_STYLE = Automatic;
				CURRENT_PROJECT_VERSION = 1;
				GENERATE_INFOPLIST_FILE = YES;
				INFOPLIST_FILE = assignment/Info.plist;
				INFOPLIST_KEY_UIApplicationSupportsIndirectInputEvents = YES;
				INFOPLIST_KEY_UILaunchStoryboardName = LaunchScreen;
				INFOPLIST_KEY_UIMainStoryboardFile = Main;
				INFOPLIST_KEY_UISupportedInterfaceOrientations_iPad = "UIInterfaceOrientationPortrait UIInterfaceOrientationPortraitUpsideDown UIInterfaceOrientationLandscapeLeft UIInterfaceOrientationLandscapeRight";
				INFOPLIST_KEY_UISupportedInterfaceOrientations_iPhone = "UIInterfaceOrientationPortrait UIInterfaceOrientationLandscapeLeft UIInterfaceOrientationLandscapeRight";
				LD_RUNPATH_SEARCH_PATHS = (
					"$(inherited)",
					"@executable_path/Frameworks",
				);
				MARKETING_VERSION = 1.0;
				PRODUCT_BUNDLE_IDENTIFIER = com.assignment;
				PRODUCT_NAME = "$(TARGET_NAME)";
				SWIFT_EMIT_LOC_STRINGS = YES;
				SWIFT_VERSION = 5.0;
				TARGETED_DEVICE_FAMILY = "1,2";
			};
			name = Release;
		};
/* End XCBuildConfiguration section */

/* Begin XCConfigurationList section */
		51E7E2BB29BB4EBF00CFD86B /* Build configuration list for PBXProject "assignment" */ = {
			isa = XCConfigurationList;
			buildConfigurations = (
				51E7E2D229BB4EC000CFD86B /* Debug */,
				51E7E2D329BB4EC000CFD86B /* Release */,
			);
			defaultConfigurationIsVisible = 0;
			defaultConfigurationName = Release;
		};
		51E7E2D429BB4EC000CFD86B /* Build configuration list for PBXNativeTarget "assignment" */ = {
			isa = XCConfigurationList;
			buildConfigurations = (
				51E7E2D529BB4EC000CFD86B /* Debug */,
				51E7E2D629BB4EC000CFD86B /* Release */,
			);
			defaultConfigurationIsVisible = 0;
			defaultConfigurationName = Release;
		};
/* End XCConfigurationList section */
	};
	rootObject = 51E7E2B829BB4EBF00CFD86B /* Project object */;
}
